
Microsoft Visual Studio Solution File, Format Version 12.00
# Visual Studio 15
Project("{FAE04EC0-301F-11D3-BF4B-00C04F79EFBC}") = "SpaceApp.Host", "SpaceApp.Host\SpaceApp.Host.csproj", "{B8007814-43B3-4DAE-BAB6-869C3105030E}"
EndProject
Project("{FAE04EC0-301F-11D3-BF4B-00C04F79EFBC}") = "SpaceApp.Host.Core", "SpaceApp.Host.Core\SpaceApp.Host.Core.csproj", "{73C51A96-16DF-4266-9A7E-8BE05166E3E7}"
EndProject
Project("{2150E333-8FDC-42A3-9474-1A3956D46DE8}") = "Host", "Host", "{9BDF30DC-F367-4DE2-BA29-40862FFA986F}"
EndProject
Project("{FAE04EC0-301F-11D3-BF4B-00C04F79EFBC}") = "SpaceAppNative.iOS", "SpaceAppNative.iOS\SpaceAppNative.iOS.csproj", "{02144E33-48FE-43CD-A422-7650957D2095}"
EndProject
Global
	GlobalSection(SolutionConfigurationPlatforms) = preSolution
		Debug|Any CPU = Debug|Any CPU
		Release|Any CPU = Release|Any CPU
		Debug|iPhoneSimulator = Debug|iPhoneSimulator
		Release|iPhoneSimulator = Release|iPhoneSimulator
		Debug|iPhone = Debug|iPhone
		Release|iPhone = Release|iPhone
		Ad-Hoc|iPhone = Ad-Hoc|iPhone
		AppStore|iPhone = AppStore|iPhone
	EndGlobalSection
	GlobalSection(ProjectConfigurationPlatforms) = postSolution
		{B8007814-43B3-4DAE-BAB6-869C3105030E}.Debug|Any CPU.ActiveCfg = Debug|Any CPU
		{B8007814-43B3-4DAE-BAB6-869C3105030E}.Debug|Any CPU.Build.0 = Debug|Any CPU
		{B8007814-43B3-4DAE-BAB6-869C3105030E}.Release|Any CPU.ActiveCfg = Release|Any CPU
		{B8007814-43B3-4DAE-BAB6-869C3105030E}.Release|Any CPU.Build.0 = Release|Any CPU
		{B8007814-43B3-4DAE-BAB6-869C3105030E}.Debug|iPhoneSimulator.ActiveCfg = Debug|Any CPU
		{B8007814-43B3-4DAE-BAB6-869C3105030E}.Debug|iPhoneSimulator.Build.0 = Debug|Any CPU
		{B8007814-43B3-4DAE-BAB6-869C3105030E}.Release|iPhoneSimulator.ActiveCfg = Release|Any CPU
		{B8007814-43B3-4DAE-BAB6-869C3105030E}.Release|iPhoneSimulator.Build.0 = Release|Any CPU
		{B8007814-43B3-4DAE-BAB6-869C3105030E}.Debug|iPhone.ActiveCfg = Debug|Any CPU
		{B8007814-43B3-4DAE-BAB6-869C3105030E}.Debug|iPhone.Build.0 = Debug|Any CPU
		{B8007814-43B3-4DAE-BAB6-869C3105030E}.Release|iPhone.ActiveCfg = Release|Any CPU
		{B8007814-43B3-4DAE-BAB6-869C3105030E}.Release|iPhone.Build.0 = Release|Any CPU
		{B8007814-43B3-4DAE-BAB6-869C3105030E}.Ad-Hoc|iPhone.ActiveCfg = Release|Any CPU
		{B8007814-43B3-4DAE-BAB6-869C3105030E}.Ad-Hoc|iPhone.Build.0 = Release|Any CPU
		{B8007814-43B3-4DAE-BAB6-869C3105030E}.AppStore|iPhone.ActiveCfg = Release|Any CPU
		{B8007814-43B3-4DAE-BAB6-869C3105030E}.AppStore|iPhone.Build.0 = Release|Any CPU
		{73C51A96-16DF-4266-9A7E-8BE05166E3E7}.Debug|Any CPU.ActiveCfg = Debug|Any CPU
		{73C51A96-16DF-4266-9A7E-8BE05166E3E7}.Debug|Any CPU.Build.0 = Debug|Any CPU
		{73C51A96-16DF-4266-9A7E-8BE05166E3E7}.Release|Any CPU.ActiveCfg = Release|Any CPU
		{73C51A96-16DF-4266-9A7E-8BE05166E3E7}.Release|Any CPU.Build.0 = Release|Any CPU
		{73C51A96-16DF-4266-9A7E-8BE05166E3E7}.Debug|iPhoneSimulator.ActiveCfg = Debug|Any CPU
		{73C51A96-16DF-4266-9A7E-8BE05166E3E7}.Debug|iPhoneSimulator.Build.0 = Debug|Any CPU
		{73C51A96-16DF-4266-9A7E-8BE05166E3E7}.Release|iPhoneSimulator.ActiveCfg = Release|Any CPU
		{73C51A96-16DF-4266-9A7E-8BE05166E3E7}.Release|iPhoneSimulator.Build.0 = Release|Any CPU
		{73C51A96-16DF-4266-9A7E-8BE05166E3E7}.Debug|iPhone.ActiveCfg = Debug|Any CPU
		{73C51A96-16DF-4266-9A7E-8BE05166E3E7}.Debug|iPhone.Build.0 = Debug|Any CPU
		{73C51A96-16DF-4266-9A7E-8BE05166E3E7}.Release|iPhone.ActiveCfg = Release|Any CPU
		{73C51A96-16DF-4266-9A7E-8BE05166E3E7}.Release|iPhone.Build.0 = Release|Any CPU
		{73C51A96-16DF-4266-9A7E-8BE05166E3E7}.Ad-Hoc|iPhone.ActiveCfg = Release|Any CPU
		{73C51A96-16DF-4266-9A7E-8BE05166E3E7}.Ad-Hoc|iPhone.Build.0 = Release|Any CPU
		{73C51A96-16DF-4266-9A7E-8BE05166E3E7}.AppStore|iPhone.ActiveCfg = Release|Any CPU
		{73C51A96-16DF-4266-9A7E-8BE05166E3E7}.AppStore|iPhone.Build.0 = Release|Any CPU
		{02144E33-48FE-43CD-A422-7650957D2095}.Debug|Any CPU.ActiveCfg = Debug|iPhoneSimulator
		{02144E33-48FE-43CD-A422-7650957D2095}.Debug|Any CPU.Build.0 = Debug|iPhoneSimulator
		{02144E33-48FE-43CD-A422-7650957D2095}.Release|Any CPU.ActiveCfg = Release|iPhoneSimulator
		{02144E33-48FE-43CD-A422-7650957D2095}.Release|Any CPU.Build.0 = Release|iPhoneSimulator
		{02144E33-48FE-43CD-A422-7650957D2095}.Debug|iPhoneSimulator.ActiveCfg = Debug|iPhoneSimulator
		{02144E33-48FE-43CD-A422-7650957D2095}.Debug|iPhoneSimulator.Build.0 = Debug|iPhoneSimulator
		{02144E33-48FE-43CD-A422-7650957D2095}.Release|iPhoneSimulator.ActiveCfg = Release|iPhoneSimulator
		{02144E33-48FE-43CD-A422-7650957D2095}.Release|iPhoneSimulator.Build.0 = Release|iPhoneSimulator
		{02144E33-48FE-43CD-A422-7650957D2095}.Debug|iPhone.ActiveCfg = Debug|iPhone
		{02144E33-48FE-43CD-A422-7650957D2095}.Debug|iPhone.Build.0 = Debug|iPhone
		{02144E33-48FE-43CD-A422-7650957D2095}.Release|iPhone.ActiveCfg = Release|iPhone
		{02144E33-48FE-43CD-A422-7650957D2095}.Release|iPhone.Build.0 = Release|iPhone
		{02144E33-48FE-43CD-A422-7650957D2095}.Ad-Hoc|iPhone.ActiveCfg = Release|iPhone
		{02144E33-48FE-43CD-A422-7650957D2095}.Ad-Hoc|iPhone.Build.0 = Release|iPhone
		{02144E33-48FE-43CD-A422-7650957D2095}.AppStore|iPhone.ActiveCfg = Release|iPhone
		{02144E33-48FE-43CD-A422-7650957D2095}.AppStore|iPhone.Build.0 = Release|iPhone
	EndGlobalSection
	GlobalSection(NestedProjects) = preSolution
		{B8007814-43B3-4DAE-BAB6-869C3105030E} = {9BDF30DC-F367-4DE2-BA29-40862FFA986F}
		{73C51A96-16DF-4266-9A7E-8BE05166E3E7} = {9BDF30DC-F367-4DE2-BA29-40862FFA986F}
	EndGlobalSection
EndGlobal
