
Microsoft Visual Studio Solution File, Format Version 12.00
# Visual Studio 15
Project("{FAE04EC0-301F-11D3-BF4B-00C04F79EFBC}") = "SpaceApp.iOS", "SpaceApp.iOS\SpaceApp.iOS.csproj", "{2A2A03B4-5DE3-463F-82FF-05AE21C52E4F}"
EndProject
Project("{FAE04EC0-301F-11D3-BF4B-00C04F79EFBC}") = "SpaceApp", "SpaceApp\SpaceApp.csproj", "{D07110B9-2DB2-49B5-8F1F-7A0A49BC54F3}"
EndProject
Project("{FAE04EC0-301F-11D3-BF4B-00C04F79EFBC}") = "SpaceApp.Core", "SpaceApp.Core\SpaceApp.Core.csproj", "{60369744-55EB-437C-B112-4DFB36F90C91}"
EndProject
Project("{9344BDBB-3E7F-41FC-A0DD-8665D75EE146}") = "SpaceApp.Android", "SpaceApp.Android\SpaceApp.Android.csproj", "{47200F78-C7C1-4BBB-8266-CB72A08A05A0}"
EndProject
Project("{9344BDBB-3E7F-41FC-A0DD-8665D75EE146}") = "SpaceApp.Test", "SpaceApp.Test\SpaceApp.Test.csproj", "{D01E2857-F4A3-40E9-A53F-4BAA143F979F}"
EndProject
Global
	GlobalSection(SolutionConfigurationPlatforms) = preSolution
		Debug|Any CPU = Debug|Any CPU
		Release|Any CPU = Release|Any CPU
		Debug|iPhoneSimulator = Debug|iPhoneSimulator
		Release|iPhoneSimulator = Release|iPhoneSimulator
		Debug|iPhone = Debug|iPhone
		Release|iPhone = Release|iPhone
		Ad-Hoc|iPhone = Ad-Hoc|iPhone
		AppStore|iPhone = AppStore|iPhone
	EndGlobalSection
	GlobalSection(ProjectConfigurationPlatforms) = postSolution
		{2A2A03B4-5DE3-463F-82FF-05AE21C52E4F}.Debug|Any CPU.ActiveCfg = Debug|iPhoneSimulator
		{2A2A03B4-5DE3-463F-82FF-05AE21C52E4F}.Debug|Any CPU.Build.0 = Debug|iPhoneSimulator
		{2A2A03B4-5DE3-463F-82FF-05AE21C52E4F}.Release|Any CPU.ActiveCfg = Release|iPhoneSimulator
		{2A2A03B4-5DE3-463F-82FF-05AE21C52E4F}.Release|Any CPU.Build.0 = Release|iPhoneSimulator
		{2A2A03B4-5DE3-463F-82FF-05AE21C52E4F}.Debug|iPhoneSimulator.ActiveCfg = Debug|iPhoneSimulator
		{2A2A03B4-5DE3-463F-82FF-05AE21C52E4F}.Debug|iPhoneSimulator.Build.0 = Debug|iPhoneSimulator
		{2A2A03B4-5DE3-463F-82FF-05AE21C52E4F}.Release|iPhoneSimulator.ActiveCfg = Release|iPhoneSimulator
		{2A2A03B4-5DE3-463F-82FF-05AE21C52E4F}.Release|iPhoneSimulator.Build.0 = Release|iPhoneSimulator
		{2A2A03B4-5DE3-463F-82FF-05AE21C52E4F}.Debug|iPhone.ActiveCfg = Debug|iPhone
		{2A2A03B4-5DE3-463F-82FF-05AE21C52E4F}.Debug|iPhone.Build.0 = Debug|iPhone
		{2A2A03B4-5DE3-463F-82FF-05AE21C52E4F}.Release|iPhone.ActiveCfg = Release|iPhone
		{2A2A03B4-5DE3-463F-82FF-05AE21C52E4F}.Release|iPhone.Build.0 = Release|iPhone
		{2A2A03B4-5DE3-463F-82FF-05AE21C52E4F}.Ad-Hoc|iPhone.ActiveCfg = Ad-Hoc|iPhone
		{2A2A03B4-5DE3-463F-82FF-05AE21C52E4F}.Ad-Hoc|iPhone.Build.0 = Ad-Hoc|iPhone
		{2A2A03B4-5DE3-463F-82FF-05AE21C52E4F}.AppStore|iPhone.ActiveCfg = AppStore|iPhone
		{2A2A03B4-5DE3-463F-82FF-05AE21C52E4F}.AppStore|iPhone.Build.0 = AppStore|iPhone
		{D07110B9-2DB2-49B5-8F1F-7A0A49BC54F3}.Debug|Any CPU.ActiveCfg = Debug|Any CPU
		{D07110B9-2DB2-49B5-8F1F-7A0A49BC54F3}.Debug|Any CPU.Build.0 = Debug|Any CPU
		{D07110B9-2DB2-49B5-8F1F-7A0A49BC54F3}.Release|Any CPU.ActiveCfg = Release|Any CPU
		{D07110B9-2DB2-49B5-8F1F-7A0A49BC54F3}.Release|Any CPU.Build.0 = Release|Any CPU
		{D07110B9-2DB2-49B5-8F1F-7A0A49BC54F3}.Debug|iPhoneSimulator.ActiveCfg = Debug|Any CPU
		{D07110B9-2DB2-49B5-8F1F-7A0A49BC54F3}.Debug|iPhoneSimulator.Build.0 = Debug|Any CPU
		{D07110B9-2DB2-49B5-8F1F-7A0A49BC54F3}.Release|iPhoneSimulator.ActiveCfg = Release|Any CPU
		{D07110B9-2DB2-49B5-8F1F-7A0A49BC54F3}.Release|iPhoneSimulator.Build.0 = Release|Any CPU
		{D07110B9-2DB2-49B5-8F1F-7A0A49BC54F3}.Debug|iPhone.ActiveCfg = Debug|Any CPU
		{D07110B9-2DB2-49B5-8F1F-7A0A49BC54F3}.Debug|iPhone.Build.0 = Debug|Any CPU
		{D07110B9-2DB2-49B5-8F1F-7A0A49BC54F3}.Release|iPhone.ActiveCfg = Release|Any CPU
		{D07110B9-2DB2-49B5-8F1F-7A0A49BC54F3}.Release|iPhone.Build.0 = Release|Any CPU
		{D07110B9-2DB2-49B5-8F1F-7A0A49BC54F3}.Ad-Hoc|iPhone.ActiveCfg = Debug|Any CPU
		{D07110B9-2DB2-49B5-8F1F-7A0A49BC54F3}.Ad-Hoc|iPhone.Build.0 = Debug|Any CPU
		{D07110B9-2DB2-49B5-8F1F-7A0A49BC54F3}.AppStore|iPhone.ActiveCfg = Debug|Any CPU
		{D07110B9-2DB2-49B5-8F1F-7A0A49BC54F3}.AppStore|iPhone.Build.0 = Debug|Any CPU
		{60369744-55EB-437C-B112-4DFB36F90C91}.Debug|Any CPU.ActiveCfg = Debug|Any CPU
		{60369744-55EB-437C-B112-4DFB36F90C91}.Debug|Any CPU.Build.0 = Debug|Any CPU
		{60369744-55EB-437C-B112-4DFB36F90C91}.Release|Any CPU.ActiveCfg = Release|Any CPU
		{60369744-55EB-437C-B112-4DFB36F90C91}.Release|Any CPU.Build.0 = Release|Any CPU
		{60369744-55EB-437C-B112-4DFB36F90C91}.Debug|iPhoneSimulator.ActiveCfg = Debug|Any CPU
		{60369744-55EB-437C-B112-4DFB36F90C91}.Debug|iPhoneSimulator.Build.0 = Debug|Any CPU
		{60369744-55EB-437C-B112-4DFB36F90C91}.Release|iPhoneSimulator.ActiveCfg = Release|Any CPU
		{60369744-55EB-437C-B112-4DFB36F90C91}.Release|iPhoneSimulator.Build.0 = Release|Any CPU
		{60369744-55EB-437C-B112-4DFB36F90C91}.Debug|iPhone.ActiveCfg = Debug|Any CPU
		{60369744-55EB-437C-B112-4DFB36F90C91}.Debug|iPhone.Build.0 = Debug|Any CPU
		{60369744-55EB-437C-B112-4DFB36F90C91}.Release|iPhone.ActiveCfg = Release|Any CPU
		{60369744-55EB-437C-B112-4DFB36F90C91}.Release|iPhone.Build.0 = Release|Any CPU
		{60369744-55EB-437C-B112-4DFB36F90C91}.Ad-Hoc|iPhone.ActiveCfg = Release|Any CPU
		{60369744-55EB-437C-B112-4DFB36F90C91}.Ad-Hoc|iPhone.Build.0 = Release|Any CPU
		{60369744-55EB-437C-B112-4DFB36F90C91}.AppStore|iPhone.ActiveCfg = Release|Any CPU
		{60369744-55EB-437C-B112-4DFB36F90C91}.AppStore|iPhone.Build.0 = Release|Any CPU
		{47200F78-C7C1-4BBB-8266-CB72A08A05A0}.Debug|Any CPU.ActiveCfg = Debug|Any CPU
		{47200F78-C7C1-4BBB-8266-CB72A08A05A0}.Debug|Any CPU.Build.0 = Debug|Any CPU
		{47200F78-C7C1-4BBB-8266-CB72A08A05A0}.Release|Any CPU.ActiveCfg = Release|Any CPU
		{47200F78-C7C1-4BBB-8266-CB72A08A05A0}.Release|Any CPU.Build.0 = Release|Any CPU
		{47200F78-C7C1-4BBB-8266-CB72A08A05A0}.Debug|iPhoneSimulator.ActiveCfg = Debug|Any CPU
		{47200F78-C7C1-4BBB-8266-CB72A08A05A0}.Debug|iPhoneSimulator.Build.0 = Debug|Any CPU
		{47200F78-C7C1-4BBB-8266-CB72A08A05A0}.Release|iPhoneSimulator.ActiveCfg = Release|Any CPU
		{47200F78-C7C1-4BBB-8266-CB72A08A05A0}.Release|iPhoneSimulator.Build.0 = Release|Any CPU
		{47200F78-C7C1-4BBB-8266-CB72A08A05A0}.Debug|iPhone.ActiveCfg = Debug|Any CPU
		{47200F78-C7C1-4BBB-8266-CB72A08A05A0}.Debug|iPhone.Build.0 = Debug|Any CPU
		{47200F78-C7C1-4BBB-8266-CB72A08A05A0}.Release|iPhone.ActiveCfg = Release|Any CPU
		{47200F78-C7C1-4BBB-8266-CB72A08A05A0}.Release|iPhone.Build.0 = Release|Any CPU
		{47200F78-C7C1-4BBB-8266-CB72A08A05A0}.Ad-Hoc|iPhone.ActiveCfg = Debug|Any CPU
		{47200F78-C7C1-4BBB-8266-CB72A08A05A0}.Ad-Hoc|iPhone.Build.0 = Debug|Any CPU
		{47200F78-C7C1-4BBB-8266-CB72A08A05A0}.AppStore|iPhone.ActiveCfg = Debug|Any CPU
		{47200F78-C7C1-4BBB-8266-CB72A08A05A0}.AppStore|iPhone.Build.0 = Debug|Any CPU
		{D01E2857-F4A3-40E9-A53F-4BAA143F979F}.Debug|Any CPU.ActiveCfg = Debug|Any CPU
		{D01E2857-F4A3-40E9-A53F-4BAA143F979F}.Debug|Any CPU.Build.0 = Debug|Any CPU
		{D01E2857-F4A3-40E9-A53F-4BAA143F979F}.Release|Any CPU.ActiveCfg = Release|Any CPU
		{D01E2857-F4A3-40E9-A53F-4BAA143F979F}.Release|Any CPU.Build.0 = Release|Any CPU
		{D01E2857-F4A3-40E9-A53F-4BAA143F979F}.Debug|iPhoneSimulator.ActiveCfg = Debug|Any CPU
		{D01E2857-F4A3-40E9-A53F-4BAA143F979F}.Debug|iPhoneSimulator.Build.0 = Debug|Any CPU
		{D01E2857-F4A3-40E9-A53F-4BAA143F979F}.Release|iPhoneSimulator.ActiveCfg = Release|Any CPU
		{D01E2857-F4A3-40E9-A53F-4BAA143F979F}.Release|iPhoneSimulator.Build.0 = Release|Any CPU
		{D01E2857-F4A3-40E9-A53F-4BAA143F979F}.Debug|iPhone.ActiveCfg = Debug|Any CPU
		{D01E2857-F4A3-40E9-A53F-4BAA143F979F}.Debug|iPhone.Build.0 = Debug|Any CPU
		{D01E2857-F4A3-40E9-A53F-4BAA143F979F}.Release|iPhone.ActiveCfg = Release|Any CPU
		{D01E2857-F4A3-40E9-A53F-4BAA143F979F}.Release|iPhone.Build.0 = Release|Any CPU
		{D01E2857-F4A3-40E9-A53F-4BAA143F979F}.Ad-Hoc|iPhone.ActiveCfg = Release|Any CPU
		{D01E2857-F4A3-40E9-A53F-4BAA143F979F}.Ad-Hoc|iPhone.Build.0 = Release|Any CPU
		{D01E2857-F4A3-40E9-A53F-4BAA143F979F}.AppStore|iPhone.ActiveCfg = Release|Any CPU
		{D01E2857-F4A3-40E9-A53F-4BAA143F979F}.AppStore|iPhone.Build.0 = Release|Any CPU
	EndGlobalSection
EndGlobal
